
Microsoft Visual Studio Solution File, Format Version 12.00
# Visual Studio Version 16
VisualStudioVersion = 16.0.30011.22
MinimumVisualStudioVersion = 10.0.40219.1
Project("{9A19103F-16F7-4668-BE54-9A1E7A4F7556}") = "ResturantTestApp", "ResturantTestApp.csproj", "{2709D76E-0BC7-4BE0-85FD-BABDF701D6B6}"
EndProject
Project("{FAE04EC0-301F-11D3-BF4B-00C04F79EFBC}") = "RestaurantTestApp.Core", "..\RestaurantTestApp.Core\RestaurantTestApp.Core.csproj", "{6AB7E805-E7C8-4C2B-9523-5FD444C285B6}"
EndProject
Project("{FAE04EC0-301F-11D3-BF4B-00C04F79EFBC}") = "RestaurantTestApp.Data", "..\RestaurantTestApp.Data\RestaurantTestApp.Data.csproj", "{5DDB6E8D-5946-4F25-9F2C-D19402741D93}"
EndProject
Global
	GlobalSection(SolutionConfigurationPlatforms) = preSolution
		Debug|Any CPU = Debug|Any CPU
		Release|Any CPU = Release|Any CPU
	EndGlobalSection
	GlobalSection(ProjectConfigurationPlatforms) = postSolution
		{2709D76E-0BC7-4BE0-85FD-BABDF701D6B6}.Debug|Any CPU.ActiveCfg = Debug|Any CPU
		{2709D76E-0BC7-4BE0-85FD-BABDF701D6B6}.Debug|Any CPU.Build.0 = Debug|Any CPU
		{2709D76E-0BC7-4BE0-85FD-BABDF701D6B6}.Release|Any CPU.ActiveCfg = Release|Any CPU
		{2709D76E-0BC7-4BE0-85FD-BABDF701D6B6}.Release|Any CPU.Build.0 = Release|Any CPU
		{6AB7E805-E7C8-4C2B-9523-5FD444C285B6}.Debug|Any CPU.ActiveCfg = Debug|Any CPU
		{6AB7E805-E7C8-4C2B-9523-5FD444C285B6}.Debug|Any CPU.Build.0 = Debug|Any CPU
		{6AB7E805-E7C8-4C2B-9523-5FD444C285B6}.Release|Any CPU.ActiveCfg = Release|Any CPU
		{6AB7E805-E7C8-4C2B-9523-5FD444C285B6}.Release|Any CPU.Build.0 = Release|Any CPU
		{5DDB6E8D-5946-4F25-9F2C-D19402741D93}.Debug|Any CPU.ActiveCfg = Debug|Any CPU
		{5DDB6E8D-5946-4F25-9F2C-D19402741D93}.Debug|Any CPU.Build.0 = Debug|Any CPU
		{5DDB6E8D-5946-4F25-9F2C-D19402741D93}.Release|Any CPU.ActiveCfg = Release|Any CPU
		{5DDB6E8D-5946-4F25-9F2C-D19402741D93}.Release|Any CPU.Build.0 = Release|Any CPU
	EndGlobalSection
	GlobalSection(SolutionProperties) = preSolution
		HideSolutionNode = FALSE
	EndGlobalSection
	GlobalSection(ExtensibilityGlobals) = postSolution
		SolutionGuid = {5CA463AB-EF21-43F8-901F-7A16F9EA54A8}
	EndGlobalSection
EndGlobal
